<?xml version="1.0" encoding="utf-8"?>
<Project ToolsVersion="4.0" xmlns="http://schemas.microsoft.com/developer/msbuild/2003">
  <ItemGroup>
    <Filter Include="소스 파일">
      <UniqueIdentifier>{4FC737F1-C7A5-4376-A066-2A32D752A2FF}</UniqueIdentifier>
      <Extensions>cpp;c;cc;cxx;def;odl;idl;hpj;bat;asm;asmx</Extensions>
    </Filter>
    <Filter Include="헤더 파일">
      <UniqueIdentifier>{93995380-89BD-4b04-88EB-625FBE52EBFB}</UniqueIdentifier>
      <Extensions>h;hh;hpp;hxx;hm;inl;inc;ipp;xsd</Extensions>
    </Filter>
    <Filter Include="리소스 파일">
      <UniqueIdentifier>{67DA6AB6-F800-4c08-8B7A-83BB121AAD01}</UniqueIdentifier>
      <Extensions>rc;ico;cur;bmp;dlg;rc2;rct;bin;rgs;gif;jpg;jpeg;jpe;resx;tiff;tif;png;wav;mfcribbon-ms</Extensions>
    </Filter>
    <Filter Include="소스 파일\Level2">
      <UniqueIdentifier>{d5bf5dda-3b09-4166-8a62-1789a15675e2}</UniqueIdentifier>
    </Filter>
    <Filter Include="소스 파일\Level3">
      <UniqueIdentifier>{d5abaa5d-0b99-42b7-8776-dedd0acfc5a7}</UniqueIdentifier>
    </Filter>
    <Filter Include="소스 파일\Practice">
      <UniqueIdentifier>{e5204cc8-0609-4677-87bd-1743d472d886}</UniqueIdentifier>
    </Filter>
  </ItemGroup>
  <ItemGroup>
    <ClCompile Include="1.cpp">
      <Filter>소스 파일\Level2</Filter>
    </ClCompile>
    <ClCompile Include="2cpp.cpp">
      <Filter>소스 파일\Level2</Filter>
    </ClCompile>
    <ClCompile Include="3.cpp">
      <Filter>소스 파일\Level2</Filter>
    </ClCompile>
    <ClCompile Include="4.cpp">
      <Filter>소스 파일\Level2</Filter>
    </ClCompile>
    <ClCompile Include="5.cpp">
      <Filter>소스 파일\Level2</Filter>
    </ClCompile>
    <ClCompile Include="6.cpp">
      <Filter>소스 파일\Level2</Filter>
    </ClCompile>
    <ClCompile Include="3-1.cpp">
      <Filter>소스 파일\Level3</Filter>
    </ClCompile>
    <ClCompile Include="3-2.cpp">
      <Filter>소스 파일\Level3</Filter>
    </ClCompile>
    <ClCompile Include="P1.cpp">
      <Filter>소스 파일\Practice</Filter>
    </ClCompile>
    <ClCompile Include="P2.cpp">
      <Filter>소스 파일\Practice</Filter>
    </ClCompile>
    <ClCompile Include="P3.cpp">
      <Filter>소스 파일\Practice</Filter>
    </ClCompile>
    <ClCompile Include="P4.cpp">
      <Filter>소스 파일\Practice</Filter>
    </ClCompile>
    <ClCompile Include="P5.cpp">
      <Filter>소스 파일\Practice</Filter>
    </ClCompile>
    <ClCompile Include="P6.cpp">
      <Filter>소스 파일\Practice</Filter>
    </ClCompile>
    <ClCompile Include="P7.cpp">
      <Filter>소스 파일\Practice</Filter>
    </ClCompile>
    <ClCompile Include="P8.cpp">
      <Filter>소스 파일\Practice</Filter>
    </ClCompile>
    <ClCompile Include="P9.cpp">
      <Filter>소스 파일\Practice</Filter>
    </ClCompile>
    <ClCompile Include="P10.cpp">
      <Filter>소스 파일\Practice</Filter>
    </ClCompile>
    <ClCompile Include="P11.cpp">
      <Filter>소스 파일\Practice</Filter>
    </ClCompile>
    <ClCompile Include="P12.cpp">
      <Filter>소스 파일\Practice</Filter>
    </ClCompile>
    <ClCompile Include="P13.cpp">
      <Filter>소스 파일\Practice</Filter>
    </ClCompile>
    <ClCompile Include="P14.cpp">
      <Filter>소스 파일\Practice</Filter>
    </ClCompile>
    <ClCompile Include="P15.cpp">
      <Filter>소스 파일\Practice</Filter>
    </ClCompile>
    <ClCompile Include="P16.cpp">
      <Filter>소스 파일\Practice</Filter>
    </ClCompile>
    <ClCompile Include="P17.cpp">
      <Filter>소스 파일\Practice</Filter>
    </ClCompile>
    <ClCompile Include="P18.cpp">
      <Filter>소스 파일\Practice</Filter>
    </ClCompile>
    <ClCompile Include="P19.cpp">
      <Filter>소스 파일\Practice</Filter>
    </ClCompile>
    <ClCompile Include="P20.cpp">
      <Filter>소스 파일\Practice</Filter>
    </ClCompile>
    <ClCompile Include="P22.cpp">
      <Filter>소스 파일\Practice</Filter>
    </ClCompile>
  </ItemGroup>
  <ItemGroup>
    <EmbeddedResource Include="P21.cpp">
      <Filter>소스 파일\Practice</Filter>
    </EmbeddedResource>
  </ItemGroup>
</Project>